
Microsoft Visual Studio Solution File, Format Version 12.00
# Visual Studio Version 16
VisualStudioVersion = 16.0.30114.105
MinimumVisualStudioVersion = 10.0.40219.1
Project("{FAE04EC0-301F-11D3-BF4B-00C04F79EFBC}") = "cle", "CommandLineEditor(cle)\cle.csproj", "{95998B87-52C0-44CB-9F7A-019062761FFD}"
EndProject
Global
	GlobalSection(SolutionConfigurationPlatforms) = preSolution
		Debug|Any CPU = Debug|Any CPU
		Release|Any CPU = Release|Any CPU
	EndGlobalSection
	GlobalSection(ProjectConfigurationPlatforms) = postSolution
		{95998B87-52C0-44CB-9F7A-019062761FFD}.Debug|Any CPU.ActiveCfg = Debug|Any CPU
		{95998B87-52C0-44CB-9F7A-019062761FFD}.Debug|Any CPU.Build.0 = Debug|Any CPU
		{95998B87-52C0-44CB-9F7A-019062761FFD}.Release|Any CPU.ActiveCfg = Release|Any CPU
		{95998B87-52C0-44CB-9F7A-019062761FFD}.Release|Any CPU.Build.0 = Release|Any CPU
	EndGlobalSection
	GlobalSection(SolutionProperties) = preSolution
		HideSolutionNode = FALSE
	EndGlobalSection
	GlobalSection(ExtensibilityGlobals) = postSolution
		SolutionGuid = {76554C91-3AAE-4A62-9254-31C691B019D2}
	EndGlobalSection
EndGlobal
